
Microsoft Visual Studio Solution File, Format Version 12.00
# Visual Studio Version 16
VisualStudioVersion = 16.0.32929.386
MinimumVisualStudioVersion = 10.0.40219.1
Project("{FAE04EC0-301F-11D3-BF4B-00C04F79EFBC}") = "Quicksort", "Quicksort.csproj", "{5E7FED1D-3F09-4431-8FFF-4750B3B6FCCB}"
EndProject
Global
	GlobalSection(SolutionConfigurationPlatforms) = preSolution
		Debug|Any CPU = Debug|Any CPU
		Release|Any CPU = Release|Any CPU
	EndGlobalSection
	GlobalSection(ProjectConfigurationPlatforms) = postSolution
		{5E7FED1D-3F09-4431-8FFF-4750B3B6FCCB}.Debug|Any CPU.ActiveCfg = Debug|Any CPU
		{5E7FED1D-3F09-4431-8FFF-4750B3B6FCCB}.Debug|Any CPU.Build.0 = Debug|Any CPU
		{5E7FED1D-3F09-4431-8FFF-4750B3B6FCCB}.Release|Any CPU.ActiveCfg = Release|Any CPU
		{5E7FED1D-3F09-4431-8FFF-4750B3B6FCCB}.Release|Any CPU.Build.0 = Release|Any CPU
	EndGlobalSection
	GlobalSection(SolutionProperties) = preSolution
		HideSolutionNode = FALSE
	EndGlobalSection
	GlobalSection(ExtensibilityGlobals) = postSolution
		SolutionGuid = {FE70E584-7332-4EA3-B394-A003A72C2F2E}
	EndGlobalSection
EndGlobal
